
Microsoft Visual Studio Solution File, Format Version 12.00
# Visual Studio Version 17
VisualStudioVersion = 17.8.34316.72
MinimumVisualStudioVersion = 10.0.40219.1
Project("{FAE04EC0-301F-11D3-BF4B-00C04F79EFBC}") = "Panels-3---Dobbelspel", "Panels-3---Dobbelspel\Panels-3---Dobbelspel.csproj", "{5FC98525-E2A9-4E91-9E92-84E0C008D65D}"
EndProject
Global
	GlobalSection(SolutionConfigurationPlatforms) = preSolution
		Debug|Any CPU = Debug|Any CPU
		Release|Any CPU = Release|Any CPU
	EndGlobalSection
	GlobalSection(ProjectConfigurationPlatforms) = postSolution
		{5FC98525-E2A9-4E91-9E92-84E0C008D65D}.Debug|Any CPU.ActiveCfg = Debug|Any CPU
		{5FC98525-E2A9-4E91-9E92-84E0C008D65D}.Debug|Any CPU.Build.0 = Debug|Any CPU
		{5FC98525-E2A9-4E91-9E92-84E0C008D65D}.Release|Any CPU.ActiveCfg = Release|Any CPU
		{5FC98525-E2A9-4E91-9E92-84E0C008D65D}.Release|Any CPU.Build.0 = Release|Any CPU
	EndGlobalSection
	GlobalSection(SolutionProperties) = preSolution
		HideSolutionNode = FALSE
	EndGlobalSection
	GlobalSection(ExtensibilityGlobals) = postSolution
		SolutionGuid = {76BA3838-B57F-4853-8ACA-4D9A81C06E52}
	EndGlobalSection
EndGlobal
